
Microsoft Visual Studio Solution File, Format Version 12.00
# Visual Studio Version 16
VisualStudioVersion = 16.0.31205.134
MinimumVisualStudioVersion = 10.0.40219.1
Project("{FAE04EC0-301F-11D3-BF4B-00C04F79EFBC}") = "Online Shop", "Online Shop.csproj", "{6E71F5D2-E40F-443A-AEC3-D74ADCE0C8B2}"
EndProject
Global
	GlobalSection(SolutionConfigurationPlatforms) = preSolution
		Debug|Any CPU = Debug|Any CPU
		Release|Any CPU = Release|Any CPU
	EndGlobalSection
	GlobalSection(ProjectConfigurationPlatforms) = postSolution
		{6E71F5D2-E40F-443A-AEC3-D74ADCE0C8B2}.Debug|Any CPU.ActiveCfg = Debug|Any CPU
		{6E71F5D2-E40F-443A-AEC3-D74ADCE0C8B2}.Debug|Any CPU.Build.0 = Debug|Any CPU
		{6E71F5D2-E40F-443A-AEC3-D74ADCE0C8B2}.Release|Any CPU.ActiveCfg = Release|Any CPU
		{6E71F5D2-E40F-443A-AEC3-D74ADCE0C8B2}.Release|Any CPU.Build.0 = Release|Any CPU
	EndGlobalSection
	GlobalSection(SolutionProperties) = preSolution
		HideSolutionNode = FALSE
	EndGlobalSection
	GlobalSection(ExtensibilityGlobals) = postSolution
		SolutionGuid = {858C868D-45F8-4D93-B006-455C7C539D40}
	EndGlobalSection
EndGlobal
